
Microsoft Visual Studio Solution File, Format Version 12.00
# Visual Studio Version 16
VisualStudioVersion = 16.0.28917.181
MinimumVisualStudioVersion = 10.0.40219.1
Project("{FAE04EC0-301F-11D3-BF4B-00C04F79EFBC}") = "InOne.Task", "InOne.Task\InOne.Task.csproj", "{BB5EB5C1-6E57-4E43-A338-CAB2C03EFCBB}"
EndProject
Project("{9A19103F-16F7-4668-BE54-9A1E7A4F7556}") = "InOne.Task.Structure", "InOne.Task.Structure\InOne.Task.Structure.csproj", "{3BFCB6D4-BB58-4C1F-99D0-8B526D5FB858}"
EndProject
Project("{9A19103F-16F7-4668-BE54-9A1E7A4F7556}") = "InOne.Task.Algorithms", "InOne.Task.Algorithms\InOne.Task.Algorithms.csproj", "{0ED5A0D1-B3C7-44A7-8D72-B8FD51661E70}"
EndProject
Project("{9A19103F-16F7-4668-BE54-9A1E7A4F7556}") = "InOne.Task.Shapes", "InOne.Task.Shapes\InOne.Task.Shapes.csproj", "{9AA3C97C-D4B6-41C7-AC0E-A3DF24E03341}"
EndProject
Project("{FAE04EC0-301F-11D3-BF4B-00C04F79EFBC}") = "InOne.Task.FootBallAndADO", "InOne.Task.FootBallAndADO\InOne.Task.FootBallAndADO.csproj", "{1216350F-D5D7-450B-82CF-F0B2B9467CF9}"
EndProject
Project("{9A19103F-16F7-4668-BE54-9A1E7A4F7556}") = "InOne.Task.Additions", "InOne.Task.Additions\InOne.Task.Additions.csproj", "{F8D7C33A-0E4A-41C7-B384-AC0B27405359}"
EndProject
Project("{FAE04EC0-301F-11D3-BF4B-00C04F79EFBC}") = "InOne.Task.RoomReserveDB", "InOne.Task.RoomReserveDB\InOne.Task.RoomReserveDB.csproj", "{D9200FE2-AD9A-4C8C-89E5-03785AB2EF6C}"
EndProject
Global
	GlobalSection(SolutionConfigurationPlatforms) = preSolution
		Debug|Any CPU = Debug|Any CPU
		Release|Any CPU = Release|Any CPU
	EndGlobalSection
	GlobalSection(ProjectConfigurationPlatforms) = postSolution
		{BB5EB5C1-6E57-4E43-A338-CAB2C03EFCBB}.Debug|Any CPU.ActiveCfg = Debug|Any CPU
		{BB5EB5C1-6E57-4E43-A338-CAB2C03EFCBB}.Debug|Any CPU.Build.0 = Debug|Any CPU
		{BB5EB5C1-6E57-4E43-A338-CAB2C03EFCBB}.Release|Any CPU.ActiveCfg = Release|Any CPU
		{BB5EB5C1-6E57-4E43-A338-CAB2C03EFCBB}.Release|Any CPU.Build.0 = Release|Any CPU
		{3BFCB6D4-BB58-4C1F-99D0-8B526D5FB858}.Debug|Any CPU.ActiveCfg = Debug|Any CPU
		{3BFCB6D4-BB58-4C1F-99D0-8B526D5FB858}.Debug|Any CPU.Build.0 = Debug|Any CPU
		{3BFCB6D4-BB58-4C1F-99D0-8B526D5FB858}.Release|Any CPU.ActiveCfg = Release|Any CPU
		{3BFCB6D4-BB58-4C1F-99D0-8B526D5FB858}.Release|Any CPU.Build.0 = Release|Any CPU
		{0ED5A0D1-B3C7-44A7-8D72-B8FD51661E70}.Debug|Any CPU.ActiveCfg = Debug|Any CPU
		{0ED5A0D1-B3C7-44A7-8D72-B8FD51661E70}.Debug|Any CPU.Build.0 = Debug|Any CPU
		{0ED5A0D1-B3C7-44A7-8D72-B8FD51661E70}.Release|Any CPU.ActiveCfg = Release|Any CPU
		{0ED5A0D1-B3C7-44A7-8D72-B8FD51661E70}.Release|Any CPU.Build.0 = Release|Any CPU
		{9AA3C97C-D4B6-41C7-AC0E-A3DF24E03341}.Debug|Any CPU.ActiveCfg = Debug|Any CPU
		{9AA3C97C-D4B6-41C7-AC0E-A3DF24E03341}.Debug|Any CPU.Build.0 = Debug|Any CPU
		{9AA3C97C-D4B6-41C7-AC0E-A3DF24E03341}.Release|Any CPU.ActiveCfg = Release|Any CPU
		{9AA3C97C-D4B6-41C7-AC0E-A3DF24E03341}.Release|Any CPU.Build.0 = Release|Any CPU
		{1216350F-D5D7-450B-82CF-F0B2B9467CF9}.Debug|Any CPU.ActiveCfg = Debug|Any CPU
		{1216350F-D5D7-450B-82CF-F0B2B9467CF9}.Debug|Any CPU.Build.0 = Debug|Any CPU
		{1216350F-D5D7-450B-82CF-F0B2B9467CF9}.Release|Any CPU.ActiveCfg = Release|Any CPU
		{1216350F-D5D7-450B-82CF-F0B2B9467CF9}.Release|Any CPU.Build.0 = Release|Any CPU
		{F8D7C33A-0E4A-41C7-B384-AC0B27405359}.Debug|Any CPU.ActiveCfg = Debug|Any CPU
		{F8D7C33A-0E4A-41C7-B384-AC0B27405359}.Debug|Any CPU.Build.0 = Debug|Any CPU
		{F8D7C33A-0E4A-41C7-B384-AC0B27405359}.Release|Any CPU.ActiveCfg = Release|Any CPU
		{F8D7C33A-0E4A-41C7-B384-AC0B27405359}.Release|Any CPU.Build.0 = Release|Any CPU
		{D9200FE2-AD9A-4C8C-89E5-03785AB2EF6C}.Debug|Any CPU.ActiveCfg = Debug|Any CPU
		{D9200FE2-AD9A-4C8C-89E5-03785AB2EF6C}.Debug|Any CPU.Build.0 = Debug|Any CPU
		{D9200FE2-AD9A-4C8C-89E5-03785AB2EF6C}.Release|Any CPU.ActiveCfg = Release|Any CPU
		{D9200FE2-AD9A-4C8C-89E5-03785AB2EF6C}.Release|Any CPU.Build.0 = Release|Any CPU
	EndGlobalSection
	GlobalSection(SolutionProperties) = preSolution
		HideSolutionNode = FALSE
	EndGlobalSection
	GlobalSection(ExtensibilityGlobals) = postSolution
		SolutionGuid = {43DEF495-0E1F-4CDD-842E-1CFBCCA0747F}
	EndGlobalSection
EndGlobal
